{
  "lockfileVersion": 1,
  "workspaces": {
    "": {
      "name": "@senkantal/tamil-language-tools-and-assets",
      "devDependencies": {
        "prettier": "3.8.1",
        "typescript": "^5.9.3",
      },
    },
  },
  "packages": {
    "prettier": ["prettier@3.8.1", "", { "bin": "bin/prettier.cjs" }, ""],

    "typescript": ["typescript@5.9.3", "", { "bin": { "tsc": "bin/tsc", "tsserver": "bin/tsserver" } }, ""],
  }
}
